
Microsoft Visual Studio Solution File, Format Version 12.00
# Visual Studio Version 17
VisualStudioVersion = 17.14.36623.8
MinimumVisualStudioVersion = 10.0.40219.1
Project("{FAE04EC0-301F-11D3-BF4B-00C04F79EFBC}") = "App.Eticaret", "App.Eticaret\App.Eticaret.csproj", "{404B7AAF-17A3-4D4F-8A0E-4DFD145922F6}"
EndProject
Project("{FAE04EC0-301F-11D3-BF4B-00C04F79EFBC}") = "App.Admin", "App.Admin\App.Admin.csproj", "{ABFE7766-0053-449F-A524-14387AE7386B}"
EndProject
Project("{FAE04EC0-301F-11D3-BF4B-00C04F79EFBC}") = "App.Data", "App.Data\App.Data.csproj", "{A09BA9D3-8358-4B14-BF0E-54C342F264E7}"
EndProject
Project("{FAE04EC0-301F-11D3-BF4B-00C04F79EFBC}") = "App.Api.Data", "App.Api.Data\App.Api.Data.csproj", "{E9D822C6-B1F3-4DC1-B205-75C359C354C8}"
EndProject
Project("{FAE04EC0-301F-11D3-BF4B-00C04F79EFBC}") = "App.Api.File", "App.Api.File\App.Api.File.csproj", "{33936CB1-45E1-4461-A786-078982861752}"
EndProject
Project("{FAE04EC0-301F-11D3-BF4B-00C04F79EFBC}") = "App.Models.DTO", "App.Models.DTO\App.Models.DTO.csproj", "{C968B9AC-5621-4EE8-895E-CE93F8E6B58E}"
EndProject
Project("{FAE04EC0-301F-11D3-BF4B-00C04F79EFBC}") = "App.Services", "App.Services\App.Services.csproj", "{BCF17745-6E0A-4732-B084-611FEB5441A4}"
EndProject
Global
	GlobalSection(SolutionConfigurationPlatforms) = preSolution
		Debug|Any CPU = Debug|Any CPU
		Release|Any CPU = Release|Any CPU
	EndGlobalSection
	GlobalSection(ProjectConfigurationPlatforms) = postSolution
		{404B7AAF-17A3-4D4F-8A0E-4DFD145922F6}.Debug|Any CPU.ActiveCfg = Debug|Any CPU
		{404B7AAF-17A3-4D4F-8A0E-4DFD145922F6}.Debug|Any CPU.Build.0 = Debug|Any CPU
		{404B7AAF-17A3-4D4F-8A0E-4DFD145922F6}.Release|Any CPU.ActiveCfg = Release|Any CPU
		{404B7AAF-17A3-4D4F-8A0E-4DFD145922F6}.Release|Any CPU.Build.0 = Release|Any CPU
		{ABFE7766-0053-449F-A524-14387AE7386B}.Debug|Any CPU.ActiveCfg = Debug|Any CPU
		{ABFE7766-0053-449F-A524-14387AE7386B}.Debug|Any CPU.Build.0 = Debug|Any CPU
		{ABFE7766-0053-449F-A524-14387AE7386B}.Release|Any CPU.ActiveCfg = Release|Any CPU
		{ABFE7766-0053-449F-A524-14387AE7386B}.Release|Any CPU.Build.0 = Release|Any CPU
		{A09BA9D3-8358-4B14-BF0E-54C342F264E7}.Debug|Any CPU.ActiveCfg = Debug|Any CPU
		{A09BA9D3-8358-4B14-BF0E-54C342F264E7}.Debug|Any CPU.Build.0 = Debug|Any CPU
		{A09BA9D3-8358-4B14-BF0E-54C342F264E7}.Release|Any CPU.ActiveCfg = Release|Any CPU
		{A09BA9D3-8358-4B14-BF0E-54C342F264E7}.Release|Any CPU.Build.0 = Release|Any CPU
		{E9D822C6-B1F3-4DC1-B205-75C359C354C8}.Debug|Any CPU.ActiveCfg = Debug|Any CPU
		{E9D822C6-B1F3-4DC1-B205-75C359C354C8}.Debug|Any CPU.Build.0 = Debug|Any CPU
		{E9D822C6-B1F3-4DC1-B205-75C359C354C8}.Release|Any CPU.ActiveCfg = Release|Any CPU
		{E9D822C6-B1F3-4DC1-B205-75C359C354C8}.Release|Any CPU.Build.0 = Release|Any CPU
		{33936CB1-45E1-4461-A786-078982861752}.Debug|Any CPU.ActiveCfg = Debug|Any CPU
		{33936CB1-45E1-4461-A786-078982861752}.Debug|Any CPU.Build.0 = Debug|Any CPU
		{33936CB1-45E1-4461-A786-078982861752}.Release|Any CPU.ActiveCfg = Release|Any CPU
		{33936CB1-45E1-4461-A786-078982861752}.Release|Any CPU.Build.0 = Release|Any CPU
		{C968B9AC-5621-4EE8-895E-CE93F8E6B58E}.Debug|Any CPU.ActiveCfg = Debug|Any CPU
		{C968B9AC-5621-4EE8-895E-CE93F8E6B58E}.Debug|Any CPU.Build.0 = Debug|Any CPU
		{C968B9AC-5621-4EE8-895E-CE93F8E6B58E}.Release|Any CPU.ActiveCfg = Release|Any CPU
		{C968B9AC-5621-4EE8-895E-CE93F8E6B58E}.Release|Any CPU.Build.0 = Release|Any CPU
		{BCF17745-6E0A-4732-B084-611FEB5441A4}.Debug|Any CPU.ActiveCfg = Debug|Any CPU
		{BCF17745-6E0A-4732-B084-611FEB5441A4}.Debug|Any CPU.Build.0 = Debug|Any CPU
		{BCF17745-6E0A-4732-B084-611FEB5441A4}.Release|Any CPU.ActiveCfg = Release|Any CPU
		{BCF17745-6E0A-4732-B084-611FEB5441A4}.Release|Any CPU.Build.0 = Release|Any CPU
	EndGlobalSection
	GlobalSection(SolutionProperties) = preSolution
		HideSolutionNode = FALSE
	EndGlobalSection
	GlobalSection(ExtensibilityGlobals) = postSolution
		SolutionGuid = {5F2A60A8-E115-4EB7-88EF-0DEAD5B5C156}
	EndGlobalSection
EndGlobal
